
Microsoft Visual Studio Solution File, Format Version 12.00
# Visual Studio Version 17
VisualStudioVersion = 17.14.36518.9
MinimumVisualStudioVersion = 10.0.40219.1
Project("{FAE04EC0-301F-11D3-BF4B-00C04F79EFBC}") = "Exercise2", "Excercise2\Exercise2.csproj", "{C2829094-B1E2-4F2A-B638-F79D482F479E}"
EndProject
Global
	GlobalSection(SolutionConfigurationPlatforms) = preSolution
		Debug|Any CPU = Debug|Any CPU
		Release|Any CPU = Release|Any CPU
	EndGlobalSection
	GlobalSection(ProjectConfigurationPlatforms) = postSolution
		{C2829094-B1E2-4F2A-B638-F79D482F479E}.Debug|Any CPU.ActiveCfg = Debug|Any CPU
		{C2829094-B1E2-4F2A-B638-F79D482F479E}.Debug|Any CPU.Build.0 = Debug|Any CPU
		{C2829094-B1E2-4F2A-B638-F79D482F479E}.Release|Any CPU.ActiveCfg = Release|Any CPU
		{C2829094-B1E2-4F2A-B638-F79D482F479E}.Release|Any CPU.Build.0 = Release|Any CPU
	EndGlobalSection
	GlobalSection(SolutionProperties) = preSolution
		HideSolutionNode = FALSE
	EndGlobalSection
	GlobalSection(ExtensibilityGlobals) = postSolution
		SolutionGuid = {77EAC5A8-21A5-415E-A6ED-D6EDFDB512F2}
	EndGlobalSection
EndGlobal
